{
  "nodes": {
    "firefox-addons": {
      "inputs": {
        "flake-utils": [
          "flake-utils"
        ],
        "nixpkgs": [
          "nixpkgs"
        ]
      },
      "locked": {
        "dir": "pkgs/firefox-addons",
        "lastModified": 1742773104,
        "narHash": "sha256-dAhrL+gEjNN5U/Sosy7IrX0Y0qPA0U7Gp9TBhqEliNU=",
        "owner": "rycee",
        "repo": "nur-expressions",
        "rev": "d74460da63a8c08a69a1f143b04f2ab1a6b2f5c2",
        "type": "gitlab"
      },
      "original": {
        "dir": "pkgs/firefox-addons",
        "owner": "rycee",
        "repo": "nur-expressions",
        "type": "gitlab"
      }
    },
    "flake-parts": {
      "inputs": {
        "nixpkgs-lib": [
          "nixpkgs"
        ]
      },
      "locked": {
        "lastModified": 1741352980,
        "narHash": "sha256-+u2UunDA4Cl5Fci3m7S643HzKmIDAe+fiXrLqYsR2fs=",
        "owner": "hercules-ci",
        "repo": "flake-parts",
        "rev": "f4330d22f1c5d2ba72d3d22df5597d123fdb60a9",
        "type": "github"
      },
      "original": {
        "owner": "hercules-ci",
        "repo": "flake-parts",
        "type": "github"
      }
    },
    "flake-utils": {
      "inputs": {
        "systems": "systems"
      },
      "locked": {
        "lastModified": 1731533236,
        "narHash": "sha256-l0KFg5HjrsfsO/JpG+r7fRrqm12kzFHyUHqHCVpMMbI=",
        "owner": "numtide",
        "repo": "flake-utils",
        "rev": "11707dc2f618dd54ca8739b309ec4fc024de578b",
        "type": "github"
      },
      "original": {
        "owner": "numtide",
        "repo": "flake-utils",
        "type": "github"
      }
    },
    "home-manager": {
      "inputs": {
        "nixpkgs": [
          "nixpkgs"
        ]
      },
      "locked": {
        "lastModified": 1742871411,
        "narHash": "sha256-F3xBdOs5m0SE6Gq3jz+JxDOPvsLs22vbGfD05uF6xEc=",
        "owner": "nix-community",
        "repo": "home-manager",
        "rev": "869f2ec2add75ce2a70a6dbbf585b8399abec625",
        "type": "github"
      },
      "original": {
        "owner": "nix-community",
        "repo": "home-manager",
        "type": "github"
      }
    },
    "home-manager-stable": {
      "inputs": {
        "nixpkgs": [
          "nixpkgs-stable"
        ]
      },
      "locked": {
        "lastModified": 1742655702,
        "narHash": "sha256-jbqlw4sPArFtNtA1s3kLg7/A4fzP4GLk9bGbtUJg0JQ=",
        "owner": "nix-community",
        "repo": "home-manager",
        "rev": "0948aeedc296f964140d9429223c7e4a0702a1ff",
        "type": "github"
      },
      "original": {
        "owner": "nix-community",
        "ref": "release-24.11",
        "repo": "home-manager",
        "type": "github"
      }
    },
    "impermanence": {
      "locked": {
        "lastModified": 1737831083,
        "narHash": "sha256-LJggUHbpyeDvNagTUrdhe/pRVp4pnS6wVKALS782gRI=",
        "owner": "nix-community",
        "repo": "impermanence",
        "rev": "4b3e914cdf97a5b536a889e939fb2fd2b043a170",
        "type": "github"
      },
      "original": {
        "owner": "nix-community",
        "repo": "impermanence",
        "type": "github"
      }
    },
    "mimir": {
      "inputs": {
        "nixpkgs": [
          "nixpkgs-stable"
        ]
      },
      "locked": {
        "lastModified": 1731872189,
        "narHash": "sha256-gOkvo5SsiCr5fXJIPxEM/a2IzYLbLy4aeBIkPBD0nuw=",
        "owner": "Shawn8901",
        "repo": "mimir",
        "rev": "9e6f89813d18dcf88fca86a1421af1896b5998a0",
        "type": "github"
      },
      "original": {
        "owner": "Shawn8901",
        "repo": "mimir",
        "type": "github"
      }
    },
    "mimir-client": {
      "inputs": {
        "nixpkgs": [
          "nixpkgs-stable"
        ]
      },
      "locked": {
        "lastModified": 1741025197,
        "narHash": "sha256-sxXzuBnzB7gfFsIJEubZZeFsDHAB1VZqdQ3yuBmn0q0=",
        "owner": "Shawn8901",
        "repo": "mimir-client",
        "rev": "0504c1c577f941ef90649d64e5e6d07d6e295f48",
        "type": "github"
      },
      "original": {
        "owner": "Shawn8901",
        "repo": "mimir-client",
        "type": "github"
      }
    },
    "nixpkgs": {
      "locked": {
        "lastModified": 1742791180,
        "narHash": "sha256-VGBZbplK8OHJk+V+OmhogdymYquHhJAFPizTF0RGiq8=",
        "owner": "Shawn8901",
        "repo": "nixpkgs",
        "rev": "c410d82b0b7981ee823095110e94cd830298cf76",
        "type": "github"
      },
      "original": {
        "owner": "Shawn8901",
        "ref": "nixos-unstable-custom",
        "repo": "nixpkgs",
        "type": "github"
      }
    },
    "nixpkgs-stable": {
      "locked": {
        "lastModified": 1742877634,
        "narHash": "sha256-u5wPYiLs6XO3h+n5kC9mzTL/dQTcCbtPENAsg69gmpk=",
        "owner": "Shawn8901",
        "repo": "nixpkgs",
        "rev": "d5a02017f9a40b00ba58e011504625a880bf577b",
        "type": "github"
      },
      "original": {
        "owner": "Shawn8901",
        "ref": "nixos-24.11-custom",
        "repo": "nixpkgs",
        "type": "github"
      }
    },
    "root": {
      "inputs": {
        "firefox-addons": "firefox-addons",
        "flake-parts": "flake-parts",
        "flake-utils": "flake-utils",
        "home-manager": "home-manager",
        "home-manager-stable": "home-manager-stable",
        "impermanence": "impermanence",
        "mimir": "mimir",
        "mimir-client": "mimir-client",
        "nixpkgs": "nixpkgs",
        "nixpkgs-stable": "nixpkgs-stable",
        "sops-nix": "sops-nix",
        "stfc-bot": "stfc-bot"
      }
    },
    "sops-nix": {
      "inputs": {
        "nixpkgs": [
          "nixpkgs"
        ]
      },
      "locked": {
        "lastModified": 1742700801,
        "narHash": "sha256-ZGlpUDsuBdeZeTNgoMv+aw0ByXT2J3wkYw9kJwkAS4M=",
        "owner": "Mic92",
        "repo": "sops-nix",
        "rev": "67566fe68a8bed2a7b1175fdfb0697ed22ae8852",
        "type": "github"
      },
      "original": {
        "owner": "Mic92",
        "repo": "sops-nix",
        "type": "github"
      }
    },
    "stfc-bot": {
      "inputs": {
        "nixpkgs": [
          "nixpkgs-stable"
        ]
      },
      "locked": {
        "lastModified": 1720536204,
        "narHash": "sha256-kzWw1P/eAz+2+zw9HjGTyqWSmjYk6KfSx5p4/bm9JK4=",
        "owner": "Shawn8901",
        "repo": "stfc-bot",
        "rev": "98b9184524cbbf56f147ef0c523db7c6b8aee4a3",
        "type": "github"
      },
      "original": {
        "owner": "Shawn8901",
        "repo": "stfc-bot",
        "type": "github"
      }
    },
    "systems": {
      "locked": {
        "lastModified": 1681028828,
        "narHash": "sha256-Vy1rq5AaRuLzOxct8nz4T6wlgyUR7zLU309k9mBC768=",
        "owner": "nix-systems",
        "repo": "default",
        "rev": "da67096a3b9bf56a91d16901293e51ba5b49a27e",
        "type": "github"
      },
      "original": {
        "owner": "nix-systems",
        "repo": "default",
        "type": "github"
      }
    }
  },
  "root": "root",
  "version": 7
}
